
Microsoft Visual Studio Solution File, Format Version 12.00
# Visual Studio Version 17
VisualStudioVersion = 17.3.32901.215
MinimumVisualStudioVersion = 10.0.40219.1
Project("{9A19103F-16F7-4668-BE54-9A1E7A4F7556}") = "LogHive.SDK.CSharp", "LogHive.SDK.CSharp.csproj", "{1B7DA5B7-85C9-4F75-A3D6-74727C4D4EDF}"
EndProject
Global
	GlobalSection(SolutionConfigurationPlatforms) = preSolution
		Debug|Any CPU = Debug|Any CPU
		Release|Any CPU = Release|Any CPU
	EndGlobalSection
	GlobalSection(ProjectConfigurationPlatforms) = postSolution
		{1B7DA5B7-85C9-4F75-A3D6-74727C4D4EDF}.Debug|Any CPU.ActiveCfg = Debug|Any CPU
		{1B7DA5B7-85C9-4F75-A3D6-74727C4D4EDF}.Debug|Any CPU.Build.0 = Debug|Any CPU
		{1B7DA5B7-85C9-4F75-A3D6-74727C4D4EDF}.Release|Any CPU.ActiveCfg = Release|Any CPU
		{1B7DA5B7-85C9-4F75-A3D6-74727C4D4EDF}.Release|Any CPU.Build.0 = Release|Any CPU
	EndGlobalSection
	GlobalSection(SolutionProperties) = preSolution
		HideSolutionNode = FALSE
	EndGlobalSection
	GlobalSection(ExtensibilityGlobals) = postSolution
		SolutionGuid = {A197C4BD-339E-43F0-BFA6-BEB850157ACB}
	EndGlobalSection
EndGlobal
